
Microsoft Visual Studio Solution File, Format Version 12.00
# Visual Studio Version 17
VisualStudioVersion = 17.8.34511.84
MinimumVisualStudioVersion = 10.0.40219.1
Project("{FAE04EC0-301F-11D3-BF4B-00C04F79EFBC}") = "Training app", "Training app\Training app.csproj", "{2BFC463B-C8F4-4A0C-8434-37C67C7B0925}"
EndProject
Global
	GlobalSection(SolutionConfigurationPlatforms) = preSolution
		Debug|Any CPU = Debug|Any CPU
		Release|Any CPU = Release|Any CPU
	EndGlobalSection
	GlobalSection(ProjectConfigurationPlatforms) = postSolution
		{2BFC463B-C8F4-4A0C-8434-37C67C7B0925}.Debug|Any CPU.ActiveCfg = Debug|Any CPU
		{2BFC463B-C8F4-4A0C-8434-37C67C7B0925}.Debug|Any CPU.Build.0 = Debug|Any CPU
		{2BFC463B-C8F4-4A0C-8434-37C67C7B0925}.Release|Any CPU.ActiveCfg = Release|Any CPU
		{2BFC463B-C8F4-4A0C-8434-37C67C7B0925}.Release|Any CPU.Build.0 = Release|Any CPU
	EndGlobalSection
	GlobalSection(SolutionProperties) = preSolution
		HideSolutionNode = FALSE
	EndGlobalSection
	GlobalSection(ExtensibilityGlobals) = postSolution
		SolutionGuid = {88E0EF01-428F-485F-9967-0F2B3BE00701}
	EndGlobalSection
EndGlobal
